
Microsoft Visual Studio Solution File, Format Version 12.00
# Visual Studio Version 17
VisualStudioVersion = 17.9.34701.34
MinimumVisualStudioVersion = 10.0.40219.1
Project("{8BC9CEB8-8B4A-11D0-8D11-00A0C91BC942}") = "xlrxprxhr", "xlrxprxhr\xlrxprxhr.vcxproj", "{8FC7EB9C-6BC5-43C8-8837-F1EE81AFC8B6}"
EndProject
Global
	GlobalSection(SolutionConfigurationPlatforms) = preSolution
		Debug|x64 = Debug|x64
		Debug|x86 = Debug|x86
		Release|x64 = Release|x64
		Release|x86 = Release|x86
	EndGlobalSection
	GlobalSection(ProjectConfigurationPlatforms) = postSolution
		{8FC7EB9C-6BC5-43C8-8837-F1EE81AFC8B6}.Debug|x64.ActiveCfg = Debug|x64
		{8FC7EB9C-6BC5-43C8-8837-F1EE81AFC8B6}.Debug|x64.Build.0 = Debug|x64
		{8FC7EB9C-6BC5-43C8-8837-F1EE81AFC8B6}.Debug|x86.ActiveCfg = Debug|Win32
		{8FC7EB9C-6BC5-43C8-8837-F1EE81AFC8B6}.Debug|x86.Build.0 = Debug|Win32
		{8FC7EB9C-6BC5-43C8-8837-F1EE81AFC8B6}.Release|x64.ActiveCfg = Release|x64
		{8FC7EB9C-6BC5-43C8-8837-F1EE81AFC8B6}.Release|x64.Build.0 = Release|x64
		{8FC7EB9C-6BC5-43C8-8837-F1EE81AFC8B6}.Release|x86.ActiveCfg = Release|Win32
		{8FC7EB9C-6BC5-43C8-8837-F1EE81AFC8B6}.Release|x86.Build.0 = Release|Win32
	EndGlobalSection
	GlobalSection(SolutionProperties) = preSolution
		HideSolutionNode = FALSE
	EndGlobalSection
	GlobalSection(ExtensibilityGlobals) = postSolution
		SolutionGuid = {9A43495C-66B6-48CD-95DF-06452C1D268B}
	EndGlobalSection
EndGlobal
